
Microsoft Visual Studio Solution File, Format Version 12.00
# Visual Studio Version 16
VisualStudioVersion = 16.0.30621.155
MinimumVisualStudioVersion = 10.0.40219.1
Project("{9A19103F-16F7-4668-BE54-9A1E7A4F7556}") = "Gym", "Gym\Gym.csproj", "{B81FEF7E-1329-46FB-B145-930F1E9D113D}"
EndProject
Project("{2150E333-8FDC-42A3-9474-1A3956D46DE8}") = "0 - Service", "0 - Service", "{4ABB6AB9-1D1E-4CE0-8315-1299D6355DA9}"
EndProject
Project("{2150E333-8FDC-42A3-9474-1A3956D46DE8}") = "1 - Application", "1 - Application", "{9650F868-8364-48B5-8CE6-CE78DDBF518B}"
EndProject
Project("{2150E333-8FDC-42A3-9474-1A3956D46DE8}") = "2 - Domain", "2 - Domain", "{578525DB-C182-48BF-93AC-3C1A6C21FB9D}"
EndProject
Project("{2150E333-8FDC-42A3-9474-1A3956D46DE8}") = "3 - Infra", "3 - Infra", "{D830296C-EA92-47EE-A71E-5353ED19E24B}"
EndProject
Project("{2150E333-8FDC-42A3-9474-1A3956D46DE8}") = "4 - Shared", "4 - Shared", "{1A353BB5-E6AA-4AB5-869F-5A45AEA79EF0}"
EndProject
Project("{2150E333-8FDC-42A3-9474-1A3956D46DE8}") = "5 - Tests", "5 - Tests", "{0F30A084-532F-4562-838F-3614DEFD4037}"
EndProject
Project("{9A19103F-16F7-4668-BE54-9A1E7A4F7556}") = "Domain", "Domain\Domain.csproj", "{B1DA8C18-9A22-4C40-910B-60822CFA49A9}"
EndProject
Project("{9A19103F-16F7-4668-BE54-9A1E7A4F7556}") = "Domain.Abstractions", "Abstractions\Domain.Abstractions.csproj", "{D9A02258-75EC-411A-8FE4-FB8FCA98D1D3}"
EndProject
Project("{9A19103F-16F7-4668-BE54-9A1E7A4F7556}") = "Infra.Data.Abstractions", "IEntity\Infra.Data.Abstractions.csproj", "{E5B4A570-2F06-40FE-B014-131670CB189B}"
EndProject
Project("{9A19103F-16F7-4668-BE54-9A1E7A4F7556}") = "CrossCuting.IoC", "CrossCuting.IOC\CrossCuting.IoC.csproj", "{018DA6A9-EAB3-45C7-9ECD-407AB04771A8}"
EndProject
Project("{9A19103F-16F7-4668-BE54-9A1E7A4F7556}") = "CrossCuting", "CrossCuting\CrossCuting.csproj", "{706FF0CF-E3D5-4BB1-9D38-A781D3E48F75}"
EndProject
Project("{9A19103F-16F7-4668-BE54-9A1E7A4F7556}") = "Infra.Data", "Infra.Data\Infra.Data.csproj", "{3C6F9A95-EA42-4C81-B26B-BD57505618CD}"
EndProject
Project("{9A19103F-16F7-4668-BE54-9A1E7A4F7556}") = "Infra.Data.Migrations", "Infra.Data.Migrations\Infra.Data.Migrations.csproj", "{B709EB9D-18DD-445A-98DB-54E5F7CE36B7}"
EndProject
Project("{FAE04EC0-301F-11D3-BF4B-00C04F79EFBC}") = "Application", "Application\Application.csproj", "{C88734D6-6EE0-47F3-B04E-2C0587DC4B04}"
EndProject
Global
	GlobalSection(SolutionConfigurationPlatforms) = preSolution
		Debug|Any CPU = Debug|Any CPU
		Release|Any CPU = Release|Any CPU
	EndGlobalSection
	GlobalSection(ProjectConfigurationPlatforms) = postSolution
		{B81FEF7E-1329-46FB-B145-930F1E9D113D}.Debug|Any CPU.ActiveCfg = Debug|Any CPU
		{B81FEF7E-1329-46FB-B145-930F1E9D113D}.Debug|Any CPU.Build.0 = Debug|Any CPU
		{B81FEF7E-1329-46FB-B145-930F1E9D113D}.Release|Any CPU.ActiveCfg = Release|Any CPU
		{B81FEF7E-1329-46FB-B145-930F1E9D113D}.Release|Any CPU.Build.0 = Release|Any CPU
		{B1DA8C18-9A22-4C40-910B-60822CFA49A9}.Debug|Any CPU.ActiveCfg = Debug|Any CPU
		{B1DA8C18-9A22-4C40-910B-60822CFA49A9}.Debug|Any CPU.Build.0 = Debug|Any CPU
		{B1DA8C18-9A22-4C40-910B-60822CFA49A9}.Release|Any CPU.ActiveCfg = Release|Any CPU
		{B1DA8C18-9A22-4C40-910B-60822CFA49A9}.Release|Any CPU.Build.0 = Release|Any CPU
		{D9A02258-75EC-411A-8FE4-FB8FCA98D1D3}.Debug|Any CPU.ActiveCfg = Debug|Any CPU
		{D9A02258-75EC-411A-8FE4-FB8FCA98D1D3}.Debug|Any CPU.Build.0 = Debug|Any CPU
		{D9A02258-75EC-411A-8FE4-FB8FCA98D1D3}.Release|Any CPU.ActiveCfg = Release|Any CPU
		{D9A02258-75EC-411A-8FE4-FB8FCA98D1D3}.Release|Any CPU.Build.0 = Release|Any CPU
		{E5B4A570-2F06-40FE-B014-131670CB189B}.Debug|Any CPU.ActiveCfg = Debug|Any CPU
		{E5B4A570-2F06-40FE-B014-131670CB189B}.Debug|Any CPU.Build.0 = Debug|Any CPU
		{E5B4A570-2F06-40FE-B014-131670CB189B}.Release|Any CPU.ActiveCfg = Release|Any CPU
		{E5B4A570-2F06-40FE-B014-131670CB189B}.Release|Any CPU.Build.0 = Release|Any CPU
		{018DA6A9-EAB3-45C7-9ECD-407AB04771A8}.Debug|Any CPU.ActiveCfg = Debug|Any CPU
		{018DA6A9-EAB3-45C7-9ECD-407AB04771A8}.Debug|Any CPU.Build.0 = Debug|Any CPU
		{018DA6A9-EAB3-45C7-9ECD-407AB04771A8}.Release|Any CPU.ActiveCfg = Release|Any CPU
		{018DA6A9-EAB3-45C7-9ECD-407AB04771A8}.Release|Any CPU.Build.0 = Release|Any CPU
		{706FF0CF-E3D5-4BB1-9D38-A781D3E48F75}.Debug|Any CPU.ActiveCfg = Debug|Any CPU
		{706FF0CF-E3D5-4BB1-9D38-A781D3E48F75}.Debug|Any CPU.Build.0 = Debug|Any CPU
		{706FF0CF-E3D5-4BB1-9D38-A781D3E48F75}.Release|Any CPU.ActiveCfg = Release|Any CPU
		{706FF0CF-E3D5-4BB1-9D38-A781D3E48F75}.Release|Any CPU.Build.0 = Release|Any CPU
		{3C6F9A95-EA42-4C81-B26B-BD57505618CD}.Debug|Any CPU.ActiveCfg = Debug|Any CPU
		{3C6F9A95-EA42-4C81-B26B-BD57505618CD}.Debug|Any CPU.Build.0 = Debug|Any CPU
		{3C6F9A95-EA42-4C81-B26B-BD57505618CD}.Release|Any CPU.ActiveCfg = Release|Any CPU
		{3C6F9A95-EA42-4C81-B26B-BD57505618CD}.Release|Any CPU.Build.0 = Release|Any CPU
		{B709EB9D-18DD-445A-98DB-54E5F7CE36B7}.Debug|Any CPU.ActiveCfg = Debug|Any CPU
		{B709EB9D-18DD-445A-98DB-54E5F7CE36B7}.Debug|Any CPU.Build.0 = Debug|Any CPU
		{B709EB9D-18DD-445A-98DB-54E5F7CE36B7}.Release|Any CPU.ActiveCfg = Release|Any CPU
		{B709EB9D-18DD-445A-98DB-54E5F7CE36B7}.Release|Any CPU.Build.0 = Release|Any CPU
		{C88734D6-6EE0-47F3-B04E-2C0587DC4B04}.Debug|Any CPU.ActiveCfg = Debug|Any CPU
		{C88734D6-6EE0-47F3-B04E-2C0587DC4B04}.Debug|Any CPU.Build.0 = Debug|Any CPU
		{C88734D6-6EE0-47F3-B04E-2C0587DC4B04}.Release|Any CPU.ActiveCfg = Release|Any CPU
		{C88734D6-6EE0-47F3-B04E-2C0587DC4B04}.Release|Any CPU.Build.0 = Release|Any CPU
	EndGlobalSection
	GlobalSection(SolutionProperties) = preSolution
		HideSolutionNode = FALSE
	EndGlobalSection
	GlobalSection(NestedProjects) = preSolution
		{B81FEF7E-1329-46FB-B145-930F1E9D113D} = {4ABB6AB9-1D1E-4CE0-8315-1299D6355DA9}
		{B1DA8C18-9A22-4C40-910B-60822CFA49A9} = {578525DB-C182-48BF-93AC-3C1A6C21FB9D}
		{D9A02258-75EC-411A-8FE4-FB8FCA98D1D3} = {578525DB-C182-48BF-93AC-3C1A6C21FB9D}
		{E5B4A570-2F06-40FE-B014-131670CB189B} = {D830296C-EA92-47EE-A71E-5353ED19E24B}
		{018DA6A9-EAB3-45C7-9ECD-407AB04771A8} = {1A353BB5-E6AA-4AB5-869F-5A45AEA79EF0}
		{706FF0CF-E3D5-4BB1-9D38-A781D3E48F75} = {1A353BB5-E6AA-4AB5-869F-5A45AEA79EF0}
		{3C6F9A95-EA42-4C81-B26B-BD57505618CD} = {D830296C-EA92-47EE-A71E-5353ED19E24B}
		{B709EB9D-18DD-445A-98DB-54E5F7CE36B7} = {D830296C-EA92-47EE-A71E-5353ED19E24B}
		{C88734D6-6EE0-47F3-B04E-2C0587DC4B04} = {9650F868-8364-48B5-8CE6-CE78DDBF518B}
	EndGlobalSection
	GlobalSection(ExtensibilityGlobals) = postSolution
		SolutionGuid = {FDC2A413-CED1-464F-8588-D00B3769379C}
	EndGlobalSection
EndGlobal
